lockfileVersion: '9.0'

settings:
  autoInstallPeers: true
  excludeLinksFromLockfile: false

importers:

  .:
    devDependencies:
      prettier:
        specifier: ^3.5.3
        version: 3.5.3
      turbo:
        specifier: ^2.5.3
        version: 2.5.3
      typescript:
        specifier: 5.8.2
        version: 5.8.2

packages:

  prettier@3.5.3:
    resolution: {integrity: sha512-QQtaxnoDJeAkDvDKWCLiwIXkTgRhwYDEQCghU9Z6q03iyek/rxRh/2lC3HB7P8sWT2xC/y5JDctPLBIGzHKbhw==}
    engines: {node: '>=14'}

  turbo-darwin-64@2.5.3:
    resolution: {integrity: sha512-YSItEVBUIvAGPUDpAB9etEmSqZI3T6BHrkBkeSErvICXn3dfqXUfeLx35LfptLDEbrzFUdwYFNmt8QXOwe9yaw==}
    cpu: [x64]
    os: [darwin]

  turbo-darwin-arm64@2.5.3:
    resolution: {integrity: sha512-5PefrwHd42UiZX7YA9m1LPW6x9YJBDErXmsegCkVp+GjmWrADfEOxpFrGQNonH3ZMj77WZB2PVE5Aw3gA+IOhg==}
    cpu: [arm64]
    os: [darwin]

  turbo-linux-64@2.5.3:
    resolution: {integrity: sha512-M9xigFgawn5ofTmRzvjjLj3Lqc05O8VHKuOlWNUlnHPUltFquyEeSkpQNkE/vpPdOR14AzxqHbhhxtfS4qvb1w==}
    cpu: [x64]
    os: [linux]

  turbo-linux-arm64@2.5.3:
    resolution: {integrity: sha512-auJRbYZ8SGJVqvzTikpg1bsRAsiI9Tk0/SDkA5Xgg0GdiHDH/BOzv1ZjDE2mjmlrO/obr19Dw+39OlMhwLffrw==}
    cpu: [arm64]
    os: [linux]

  turbo-windows-64@2.5.3:
    resolution: {integrity: sha512-arLQYohuHtIEKkmQSCU9vtrKUg+/1TTstWB9VYRSsz+khvg81eX6LYHtXJfH/dK7Ho6ck+JaEh5G+QrE1jEmCQ==}
    cpu: [x64]
    os: [win32]

  turbo-windows-arm64@2.5.3:
    resolution: {integrity: sha512-3JPn66HAynJ0gtr6H+hjY4VHpu1RPKcEwGATvGUTmLmYSYBQieVlnGDRMMoYN066YfyPqnNGCfhYbXfH92Cm0g==}
    cpu: [arm64]
    os: [win32]

  turbo@2.5.3:
    resolution: {integrity: sha512-iHuaNcq5GZZnr3XDZNuu2LSyCzAOPwDuo5Qt+q64DfsTP1i3T2bKfxJhni2ZQxsvAoxRbuUK5QetJki4qc5aYA==}
    hasBin: true

  typescript@5.8.2:
    resolution: {integrity: sha512-aJn6wq13/afZp/jT9QZmwEjDqqvSGp1VT5GVg+f/t6/oVyrgXM6BY1h9BRh/O5p3PlUPAe+WuiEZOmb/49RqoQ==}
    engines: {node: '>=14.17'}

snapshots:

  prettier@3.5.3: {}

  turbo-darwin-64@2.5.3:
    optional: true

  turbo-darwin-arm64@2.5.3:
    optional: true

  turbo-linux-64@2.5.3:
    optional: true

  turbo-linux-arm64@2.5.3:
    optional: true

  turbo-windows-64@2.5.3:
    optional: true

  turbo-windows-arm64@2.5.3:
    optional: true

  turbo@2.5.3:
    optionalDependencies:
      turbo-darwin-64: 2.5.3
      turbo-darwin-arm64: 2.5.3
      turbo-linux-64: 2.5.3
      turbo-linux-arm64: 2.5.3
      turbo-windows-64: 2.5.3
      turbo-windows-arm64: 2.5.3

  typescript@5.8.2: {}
